
Microsoft Visual Studio Solution File, Format Version 12.00
# Visual Studio Version 17
VisualStudioVersion = 17.0.32112.339
MinimumVisualStudioVersion = 10.0.40219.1
Project("{FAE04EC0-301F-11D3-BF4B-00C04F79EFBC}") = "Drawing Pyramid", "Drawing Pyramid\Drawing Pyramid.csproj", "{ABE778CF-42DE-4796-AB5C-5029F708BC68}"
EndProject
Global
	GlobalSection(SolutionConfigurationPlatforms) = preSolution
		Debug|Any CPU = Debug|Any CPU
		Release|Any CPU = Release|Any CPU
	EndGlobalSection
	GlobalSection(ProjectConfigurationPlatforms) = postSolution
		{ABE778CF-42DE-4796-AB5C-5029F708BC68}.Debug|Any CPU.ActiveCfg = Debug|Any CPU
		{ABE778CF-42DE-4796-AB5C-5029F708BC68}.Debug|Any CPU.Build.0 = Debug|Any CPU
		{ABE778CF-42DE-4796-AB5C-5029F708BC68}.Release|Any CPU.ActiveCfg = Release|Any CPU
		{ABE778CF-42DE-4796-AB5C-5029F708BC68}.Release|Any CPU.Build.0 = Release|Any CPU
	EndGlobalSection
	GlobalSection(SolutionProperties) = preSolution
		HideSolutionNode = FALSE
	EndGlobalSection
	GlobalSection(ExtensibilityGlobals) = postSolution
		SolutionGuid = {197196B4-410D-4DFB-8A5E-2AC9985675E0}
	EndGlobalSection
EndGlobal
